
Microsoft Visual Studio Solution File, Format Version 12.00
# Visual Studio Version 17
VisualStudioVersion = 17.9.34728.123
MinimumVisualStudioVersion = 10.0.40219.1
Project("{FAE04EC0-301F-11D3-BF4B-00C04F79EFBC}") = "VetorVogaisConsoantes", "VetorVogaisConsoantes\VetorVogaisConsoantes.csproj", "{797092EC-9A60-4816-94F9-378229B0E8DA}"
EndProject
Global
	GlobalSection(SolutionConfigurationPlatforms) = preSolution
		Debug|Any CPU = Debug|Any CPU
		Release|Any CPU = Release|Any CPU
	EndGlobalSection
	GlobalSection(ProjectConfigurationPlatforms) = postSolution
		{797092EC-9A60-4816-94F9-378229B0E8DA}.Debug|Any CPU.ActiveCfg = Debug|Any CPU
		{797092EC-9A60-4816-94F9-378229B0E8DA}.Debug|Any CPU.Build.0 = Debug|Any CPU
		{797092EC-9A60-4816-94F9-378229B0E8DA}.Release|Any CPU.ActiveCfg = Release|Any CPU
		{797092EC-9A60-4816-94F9-378229B0E8DA}.Release|Any CPU.Build.0 = Release|Any CPU
	EndGlobalSection
	GlobalSection(SolutionProperties) = preSolution
		HideSolutionNode = FALSE
	EndGlobalSection
	GlobalSection(ExtensibilityGlobals) = postSolution
		SolutionGuid = {4C1FFDD0-2B87-45A8-9AC7-073CF54FC574}
	EndGlobalSection
EndGlobal
